
Microsoft Visual Studio Solution File, Format Version 12.00
# Visual Studio 15
VisualStudioVersion = 15.0.26228.9
MinimumVisualStudioVersion = 10.0.40219.1
Project("{FAE04EC0-301F-11D3-BF4B-00C04F79EFBC}") = "SimpleDataBinding.Android", "SimpleDataBinding\SimpleDataBinding.Android\SimpleDataBinding.Android.csproj", "{328553A0-CB9E-4D3A-99A0-7F22E0EA46BB}"
EndProject
Project("{FAE04EC0-301F-11D3-BF4B-00C04F79EFBC}") = "SimpleDataBinding", "SimpleDataBinding\SimpleDataBinding\SimpleDataBinding.csproj", "{D3D7D090-2286-4018-812F-14AE94CB5E02}"
EndProject
Project("{FAE04EC0-301F-11D3-BF4B-00C04F79EFBC}") = "SimpleDataBinding.UWP", "SimpleDataBinding\SimpleDataBinding.UWP\SimpleDataBinding.UWP.csproj", "{5A26F08D-69D1-45CA-96B3-7FD82C633FEB}"
EndProject
Project("{FAE04EC0-301F-11D3-BF4B-00C04F79EFBC}") = "SimpleDataBinding.iOS", "SimpleDataBinding\SimpleDataBinding.iOS\SimpleDataBinding.iOS.csproj", "{20E62D24-833C-47D5-AE48-07AEA0D7881D}"
EndProject
Global
	GlobalSection(SolutionConfigurationPlatforms) = preSolution
		Ad-Hoc|Any CPU = Ad-Hoc|Any CPU
		Ad-Hoc|ARM = Ad-Hoc|ARM
		Ad-Hoc|iPhone = Ad-Hoc|iPhone
		Ad-Hoc|iPhoneSimulator = Ad-Hoc|iPhoneSimulator
		Ad-Hoc|x64 = Ad-Hoc|x64
		Ad-Hoc|x86 = Ad-Hoc|x86
		AppStore|Any CPU = AppStore|Any CPU
		AppStore|ARM = AppStore|ARM
		AppStore|iPhone = AppStore|iPhone
		AppStore|iPhoneSimulator = AppStore|iPhoneSimulator
		AppStore|x64 = AppStore|x64
		AppStore|x86 = AppStore|x86
		Debug|Any CPU = Debug|Any CPU
		Debug|ARM = Debug|ARM
		Debug|iPhone = Debug|iPhone
		Debug|iPhoneSimulator = Debug|iPhoneSimulator
		Debug|x64 = Debug|x64
		Debug|x86 = Debug|x86
		Release|Any CPU = Release|Any CPU
		Release|ARM = Release|ARM
		Release|iPhone = Release|iPhone
		Release|iPhoneSimulator = Release|iPhoneSimulator
		Release|x64 = Release|x64
		Release|x86 = Release|x86
	EndGlobalSection
	GlobalSection(ProjectConfigurationPlatforms) = postSolution
		{328553A0-CB9E-4D3A-99A0-7F22E0EA46BB}.Ad-Hoc|Any CPU.ActiveCfg = Release|Any CPU
		{328553A0-CB9E-4D3A-99A0-7F22E0EA46BB}.Ad-Hoc|Any CPU.Build.0 = Release|Any CPU
		{328553A0-CB9E-4D3A-99A0-7F22E0EA46BB}.Ad-Hoc|Any CPU.Deploy.0 = Release|Any CPU
		{328553A0-CB9E-4D3A-99A0-7F22E0EA46BB}.Ad-Hoc|ARM.ActiveCfg = Release|Any CPU
		{328553A0-CB9E-4D3A-99A0-7F22E0EA46BB}.Ad-Hoc|ARM.Build.0 = Release|Any CPU
		{328553A0-CB9E-4D3A-99A0-7F22E0EA46BB}.Ad-Hoc|ARM.Deploy.0 = Release|Any CPU
		{328553A0-CB9E-4D3A-99A0-7F22E0EA46BB}.Ad-Hoc|iPhone.ActiveCfg = Release|Any CPU
		{328553A0-CB9E-4D3A-99A0-7F22E0EA46BB}.Ad-Hoc|iPhone.Build.0 = Release|Any CPU
		{328553A0-CB9E-4D3A-99A0-7F22E0EA46BB}.Ad-Hoc|iPhone.Deploy.0 = Release|Any CPU
		{328553A0-CB9E-4D3A-99A0-7F22E0EA46BB}.Ad-Hoc|iPhoneSimulator.ActiveCfg = Release|Any CPU
		{328553A0-CB9E-4D3A-99A0-7F22E0EA46BB}.Ad-Hoc|iPhoneSimulator.Build.0 = Release|Any CPU
		{328553A0-CB9E-4D3A-99A0-7F22E0EA46BB}.Ad-Hoc|iPhoneSimulator.Deploy.0 = Release|Any CPU
		{328553A0-CB9E-4D3A-99A0-7F22E0EA46BB}.Ad-Hoc|x64.ActiveCfg = Release|Any CPU
		{328553A0-CB9E-4D3A-99A0-7F22E0EA46BB}.Ad-Hoc|x64.Build.0 = Release|Any CPU
		{328553A0-CB9E-4D3A-99A0-7F22E0EA46BB}.Ad-Hoc|x64.Deploy.0 = Release|Any CPU
		{328553A0-CB9E-4D3A-99A0-7F22E0EA46BB}.Ad-Hoc|x86.ActiveCfg = Release|Any CPU
		{328553A0-CB9E-4D3A-99A0-7F22E0EA46BB}.Ad-Hoc|x86.Build.0 = Release|Any CPU
		{328553A0-CB9E-4D3A-99A0-7F22E0EA46BB}.Ad-Hoc|x86.Deploy.0 = Release|Any CPU
		{328553A0-CB9E-4D3A-99A0-7F22E0EA46BB}.AppStore|Any CPU.ActiveCfg = Release|Any CPU
		{328553A0-CB9E-4D3A-99A0-7F22E0EA46BB}.AppStore|Any CPU.Build.0 = Release|Any CPU
		{328553A0-CB9E-4D3A-99A0-7F22E0EA46BB}.AppStore|Any CPU.Deploy.0 = Release|Any CPU
		{328553A0-CB9E-4D3A-99A0-7F22E0EA46BB}.AppStore|ARM.ActiveCfg = Release|Any CPU
		{328553A0-CB9E-4D3A-99A0-7F22E0EA46BB}.AppStore|ARM.Build.0 = Release|Any CPU
		{328553A0-CB9E-4D3A-99A0-7F22E0EA46BB}.AppStore|ARM.Deploy.0 = Release|Any CPU
		{328553A0-CB9E-4D3A-99A0-7F22E0EA46BB}.AppStore|iPhone.ActiveCfg = Release|Any CPU
		{328553A0-CB9E-4D3A-99A0-7F22E0EA46BB}.AppStore|iPhone.Build.0 = Release|Any CPU
		{328553A0-CB9E-4D3A-99A0-7F22E0EA46BB}.AppStore|iPhone.Deploy.0 = Release|Any CPU
		{328553A0-CB9E-4D3A-99A0-7F22E0EA46BB}.AppStore|iPhoneSimulator.ActiveCfg = Release|Any CPU
		{328553A0-CB9E-4D3A-99A0-7F22E0EA46BB}.AppStore|iPhoneSimulator.Build.0 = Release|Any CPU
		{328553A0-CB9E-4D3A-99A0-7F22E0EA46BB}.AppStore|iPhoneSimulator.Deploy.0 = Release|Any CPU
		{328553A0-CB9E-4D3A-99A0-7F22E0EA46BB}.AppStore|x64.ActiveCfg = Release|Any CPU
		{328553A0-CB9E-4D3A-99A0-7F22E0EA46BB}.AppStore|x64.Build.0 = Release|Any CPU
		{328553A0-CB9E-4D3A-99A0-7F22E0EA46BB}.AppStore|x64.Deploy.0 = Release|Any CPU
		{328553A0-CB9E-4D3A-99A0-7F22E0EA46BB}.AppStore|x86.ActiveCfg = Release|Any CPU
		{328553A0-CB9E-4D3A-99A0-7F22E0EA46BB}.AppStore|x86.Build.0 = Release|Any CPU
		{328553A0-CB9E-4D3A-99A0-7F22E0EA46BB}.AppStore|x86.Deploy.0 = Release|Any CPU
		{328553A0-CB9E-4D3A-99A0-7F22E0EA46BB}.Debug|Any CPU.ActiveCfg = Debug|Any CPU
		{328553A0-CB9E-4D3A-99A0-7F22E0EA46BB}.Debug|Any CPU.Build.0 = Debug|Any CPU
		{328553A0-CB9E-4D3A-99A0-7F22E0EA46BB}.Debug|Any CPU.Deploy.0 = Debug|Any CPU
		{328553A0-CB9E-4D3A-99A0-7F22E0EA46BB}.Debug|ARM.ActiveCfg = Debug|Any CPU
		{328553A0-CB9E-4D3A-99A0-7F22E0EA46BB}.Debug|ARM.Build.0 = Debug|Any CPU
		{328553A0-CB9E-4D3A-99A0-7F22E0EA46BB}.Debug|ARM.Deploy.0 = Debug|Any CPU
		{328553A0-CB9E-4D3A-99A0-7F22E0EA46BB}.Debug|iPhone.ActiveCfg = Debug|Any CPU
		{328553A0-CB9E-4D3A-99A0-7F22E0EA46BB}.Debug|iPhone.Build.0 = Debug|Any CPU
		{328553A0-CB9E-4D3A-99A0-7F22E0EA46BB}.Debug|iPhone.Deploy.0 = Debug|Any CPU
		{328553A0-CB9E-4D3A-99A0-7F22E0EA46BB}.Debug|iPhoneSimulator.ActiveCfg = Debug|Any CPU
		{328553A0-CB9E-4D3A-99A0-7F22E0EA46BB}.Debug|iPhoneSimulator.Build.0 = Debug|Any CPU
		{328553A0-CB9E-4D3A-99A0-7F22E0EA46BB}.Debug|iPhoneSimulator.Deploy.0 = Debug|Any CPU
		{328553A0-CB9E-4D3A-99A0-7F22E0EA46BB}.Debug|x64.ActiveCfg = Debug|Any CPU
		{328553A0-CB9E-4D3A-99A0-7F22E0EA46BB}.Debug|x64.Build.0 = Debug|Any CPU
		{328553A0-CB9E-4D3A-99A0-7F22E0EA46BB}.Debug|x64.Deploy.0 = Debug|Any CPU
		{328553A0-CB9E-4D3A-99A0-7F22E0EA46BB}.Debug|x86.ActiveCfg = Debug|Any CPU
		{328553A0-CB9E-4D3A-99A0-7F22E0EA46BB}.Debug|x86.Build.0 = Debug|Any CPU
		{328553A0-CB9E-4D3A-99A0-7F22E0EA46BB}.Debug|x86.Deploy.0 = Debug|Any CPU
		{328553A0-CB9E-4D3A-99A0-7F22E0EA46BB}.Release|Any CPU.ActiveCfg = Release|Any CPU
		{328553A0-CB9E-4D3A-99A0-7F22E0EA46BB}.Release|Any CPU.Build.0 = Release|Any CPU
		{328553A0-CB9E-4D3A-99A0-7F22E0EA46BB}.Release|Any CPU.Deploy.0 = Release|Any CPU
		{328553A0-CB9E-4D3A-99A0-7F22E0EA46BB}.Release|ARM.ActiveCfg = Release|Any CPU
		{328553A0-CB9E-4D3A-99A0-7F22E0EA46BB}.Release|ARM.Build.0 = Release|Any CPU
		{328553A0-CB9E-4D3A-99A0-7F22E0EA46BB}.Release|ARM.Deploy.0 = Release|Any CPU
		{328553A0-CB9E-4D3A-99A0-7F22E0EA46BB}.Release|iPhone.ActiveCfg = Release|Any CPU
		{328553A0-CB9E-4D3A-99A0-7F22E0EA46BB}.Release|iPhone.Build.0 = Release|Any CPU
		{328553A0-CB9E-4D3A-99A0-7F22E0EA46BB}.Release|iPhone.Deploy.0 = Release|Any CPU
		{328553A0-CB9E-4D3A-99A0-7F22E0EA46BB}.Release|iPhoneSimulator.ActiveCfg = Release|Any CPU
		{328553A0-CB9E-4D3A-99A0-7F22E0EA46BB}.Release|iPhoneSimulator.Build.0 = Release|Any CPU
		{328553A0-CB9E-4D3A-99A0-7F22E0EA46BB}.Release|iPhoneSimulator.Deploy.0 = Release|Any CPU
		{328553A0-CB9E-4D3A-99A0-7F22E0EA46BB}.Release|x64.ActiveCfg = Release|Any CPU
		{328553A0-CB9E-4D3A-99A0-7F22E0EA46BB}.Release|x64.Build.0 = Release|Any CPU
		{328553A0-CB9E-4D3A-99A0-7F22E0EA46BB}.Release|x64.Deploy.0 = Release|Any CPU
		{328553A0-CB9E-4D3A-99A0-7F22E0EA46BB}.Release|x86.ActiveCfg = Release|Any CPU
		{328553A0-CB9E-4D3A-99A0-7F22E0EA46BB}.Release|x86.Build.0 = Release|Any CPU
		{328553A0-CB9E-4D3A-99A0-7F22E0EA46BB}.Release|x86.Deploy.0 = Release|Any CPU
		{D3D7D090-2286-4018-812F-14AE94CB5E02}.Ad-Hoc|Any CPU.ActiveCfg = Release|Any CPU
		{D3D7D090-2286-4018-812F-14AE94CB5E02}.Ad-Hoc|Any CPU.Build.0 = Release|Any CPU
		{D3D7D090-2286-4018-812F-14AE94CB5E02}.Ad-Hoc|ARM.ActiveCfg = Release|Any CPU
		{D3D7D090-2286-4018-812F-14AE94CB5E02}.Ad-Hoc|ARM.Build.0 = Release|Any CPU
		{D3D7D090-2286-4018-812F-14AE94CB5E02}.Ad-Hoc|iPhone.ActiveCfg = Release|Any CPU
		{D3D7D090-2286-4018-812F-14AE94CB5E02}.Ad-Hoc|iPhone.Build.0 = Release|Any CPU
		{D3D7D090-2286-4018-812F-14AE94CB5E02}.Ad-Hoc|iPhoneSimulator.ActiveCfg = Release|Any CPU
		{D3D7D090-2286-4018-812F-14AE94CB5E02}.Ad-Hoc|iPhoneSimulator.Build.0 = Release|Any CPU
		{D3D7D090-2286-4018-812F-14AE94CB5E02}.Ad-Hoc|x64.ActiveCfg = Release|Any CPU
		{D3D7D090-2286-4018-812F-14AE94CB5E02}.Ad-Hoc|x64.Build.0 = Release|Any CPU
		{D3D7D090-2286-4018-812F-14AE94CB5E02}.Ad-Hoc|x86.ActiveCfg = Release|Any CPU
		{D3D7D090-2286-4018-812F-14AE94CB5E02}.Ad-Hoc|x86.Build.0 = Release|Any CPU
		{D3D7D090-2286-4018-812F-14AE94CB5E02}.AppStore|Any CPU.ActiveCfg = Release|Any CPU
		{D3D7D090-2286-4018-812F-14AE94CB5E02}.AppStore|Any CPU.Build.0 = Release|Any CPU
		{D3D7D090-2286-4018-812F-14AE94CB5E02}.AppStore|ARM.ActiveCfg = Release|Any CPU
		{D3D7D090-2286-4018-812F-14AE94CB5E02}.AppStore|ARM.Build.0 = Release|Any CPU
		{D3D7D090-2286-4018-812F-14AE94CB5E02}.AppStore|iPhone.ActiveCfg = Release|Any CPU
		{D3D7D090-2286-4018-812F-14AE94CB5E02}.AppStore|iPhone.Build.0 = Release|Any CPU
		{D3D7D090-2286-4018-812F-14AE94CB5E02}.AppStore|iPhoneSimulator.ActiveCfg = Release|Any CPU
		{D3D7D090-2286-4018-812F-14AE94CB5E02}.AppStore|iPhoneSimulator.Build.0 = Release|Any CPU
		{D3D7D090-2286-4018-812F-14AE94CB5E02}.AppStore|x64.ActiveCfg = Release|Any CPU
		{D3D7D090-2286-4018-812F-14AE94CB5E02}.AppStore|x64.Build.0 = Release|Any CPU
		{D3D7D090-2286-4018-812F-14AE94CB5E02}.AppStore|x86.ActiveCfg = Release|Any CPU
		{D3D7D090-2286-4018-812F-14AE94CB5E02}.AppStore|x86.Build.0 = Release|Any CPU
		{D3D7D090-2286-4018-812F-14AE94CB5E02}.Debug|Any CPU.ActiveCfg = Debug|Any CPU
		{D3D7D090-2286-4018-812F-14AE94CB5E02}.Debug|Any CPU.Build.0 = Debug|Any CPU
		{D3D7D090-2286-4018-812F-14AE94CB5E02}.Debug|ARM.ActiveCfg = Debug|Any CPU
		{D3D7D090-2286-4018-812F-14AE94CB5E02}.Debug|ARM.Build.0 = Debug|Any CPU
		{D3D7D090-2286-4018-812F-14AE94CB5E02}.Debug|iPhone.ActiveCfg = Debug|Any CPU
		{D3D7D090-2286-4018-812F-14AE94CB5E02}.Debug|iPhone.Build.0 = Debug|Any CPU
		{D3D7D090-2286-4018-812F-14AE94CB5E02}.Debug|iPhoneSimulator.ActiveCfg = Debug|Any CPU
		{D3D7D090-2286-4018-812F-14AE94CB5E02}.Debug|iPhoneSimulator.Build.0 = Debug|Any CPU
		{D3D7D090-2286-4018-812F-14AE94CB5E02}.Debug|x64.ActiveCfg = Debug|Any CPU
		{D3D7D090-2286-4018-812F-14AE94CB5E02}.Debug|x64.Build.0 = Debug|Any CPU
		{D3D7D090-2286-4018-812F-14AE94CB5E02}.Debug|x86.ActiveCfg = Debug|Any CPU
		{D3D7D090-2286-4018-812F-14AE94CB5E02}.Debug|x86.Build.0 = Debug|Any CPU
		{D3D7D090-2286-4018-812F-14AE94CB5E02}.Release|Any CPU.ActiveCfg = Release|Any CPU
		{D3D7D090-2286-4018-812F-14AE94CB5E02}.Release|Any CPU.Build.0 = Release|Any CPU
		{D3D7D090-2286-4018-812F-14AE94CB5E02}.Release|ARM.ActiveCfg = Release|Any CPU
		{D3D7D090-2286-4018-812F-14AE94CB5E02}.Release|ARM.Build.0 = Release|Any CPU
		{D3D7D090-2286-4018-812F-14AE94CB5E02}.Release|iPhone.ActiveCfg = Release|Any CPU
		{D3D7D090-2286-4018-812F-14AE94CB5E02}.Release|iPhone.Build.0 = Release|Any CPU
		{D3D7D090-2286-4018-812F-14AE94CB5E02}.Release|iPhoneSimulator.ActiveCfg = Release|Any CPU
		{D3D7D090-2286-4018-812F-14AE94CB5E02}.Release|iPhoneSimulator.Build.0 = Release|Any CPU
		{D3D7D090-2286-4018-812F-14AE94CB5E02}.Release|x64.ActiveCfg = Release|Any CPU
		{D3D7D090-2286-4018-812F-14AE94CB5E02}.Release|x64.Build.0 = Release|Any CPU
		{D3D7D090-2286-4018-812F-14AE94CB5E02}.Release|x86.ActiveCfg = Release|Any CPU
		{D3D7D090-2286-4018-812F-14AE94CB5E02}.Release|x86.Build.0 = Release|Any CPU
		{5A26F08D-69D1-45CA-96B3-7FD82C633FEB}.Ad-Hoc|Any CPU.ActiveCfg = Release|x86
		{5A26F08D-69D1-45CA-96B3-7FD82C633FEB}.Ad-Hoc|Any CPU.Build.0 = Release|x86
		{5A26F08D-69D1-45CA-96B3-7FD82C633FEB}.Ad-Hoc|Any CPU.Deploy.0 = Release|x86
		{5A26F08D-69D1-45CA-96B3-7FD82C633FEB}.Ad-Hoc|ARM.ActiveCfg = Release|ARM
		{5A26F08D-69D1-45CA-96B3-7FD82C633FEB}.Ad-Hoc|ARM.Build.0 = Release|ARM
		{5A26F08D-69D1-45CA-96B3-7FD82C633FEB}.Ad-Hoc|ARM.Deploy.0 = Release|ARM
		{5A26F08D-69D1-45CA-96B3-7FD82C633FEB}.Ad-Hoc|iPhone.ActiveCfg = Release|x86
		{5A26F08D-69D1-45CA-96B3-7FD82C633FEB}.Ad-Hoc|iPhone.Build.0 = Release|x86
		{5A26F08D-69D1-45CA-96B3-7FD82C633FEB}.Ad-Hoc|iPhone.Deploy.0 = Release|x86
		{5A26F08D-69D1-45CA-96B3-7FD82C633FEB}.Ad-Hoc|iPhoneSimulator.ActiveCfg = Release|x86
		{5A26F08D-69D1-45CA-96B3-7FD82C633FEB}.Ad-Hoc|iPhoneSimulator.Build.0 = Release|x86
		{5A26F08D-69D1-45CA-96B3-7FD82C633FEB}.Ad-Hoc|iPhoneSimulator.Deploy.0 = Release|x86
		{5A26F08D-69D1-45CA-96B3-7FD82C633FEB}.Ad-Hoc|x64.ActiveCfg = Release|x64
		{5A26F08D-69D1-45CA-96B3-7FD82C633FEB}.Ad-Hoc|x64.Build.0 = Release|x64
		{5A26F08D-69D1-45CA-96B3-7FD82C633FEB}.Ad-Hoc|x64.Deploy.0 = Release|x64
		{5A26F08D-69D1-45CA-96B3-7FD82C633FEB}.Ad-Hoc|x86.ActiveCfg = Release|x86
		{5A26F08D-69D1-45CA-96B3-7FD82C633FEB}.Ad-Hoc|x86.Build.0 = Release|x86
		{5A26F08D-69D1-45CA-96B3-7FD82C633FEB}.Ad-Hoc|x86.Deploy.0 = Release|x86
		{5A26F08D-69D1-45CA-96B3-7FD82C633FEB}.AppStore|Any CPU.ActiveCfg = Release|x86
		{5A26F08D-69D1-45CA-96B3-7FD82C633FEB}.AppStore|Any CPU.Build.0 = Release|x86
		{5A26F08D-69D1-45CA-96B3-7FD82C633FEB}.AppStore|Any CPU.Deploy.0 = Release|x86
		{5A26F08D-69D1-45CA-96B3-7FD82C633FEB}.AppStore|ARM.ActiveCfg = Release|ARM
		{5A26F08D-69D1-45CA-96B3-7FD82C633FEB}.AppStore|ARM.Build.0 = Release|ARM
		{5A26F08D-69D1-45CA-96B3-7FD82C633FEB}.AppStore|ARM.Deploy.0 = Release|ARM
		{5A26F08D-69D1-45CA-96B3-7FD82C633FEB}.AppStore|iPhone.ActiveCfg = Release|x86
		{5A26F08D-69D1-45CA-96B3-7FD82C633FEB}.AppStore|iPhone.Build.0 = Release|x86
		{5A26F08D-69D1-45CA-96B3-7FD82C633FEB}.AppStore|iPhone.Deploy.0 = Release|x86
		{5A26F08D-69D1-45CA-96B3-7FD82C633FEB}.AppStore|iPhoneSimulator.ActiveCfg = Release|x86
		{5A26F08D-69D1-45CA-96B3-7FD82C633FEB}.AppStore|iPhoneSimulator.Build.0 = Release|x86
		{5A26F08D-69D1-45CA-96B3-7FD82C633FEB}.AppStore|iPhoneSimulator.Deploy.0 = Release|x86
		{5A26F08D-69D1-45CA-96B3-7FD82C633FEB}.AppStore|x64.ActiveCfg = Release|x64
		{5A26F08D-69D1-45CA-96B3-7FD82C633FEB}.AppStore|x64.Build.0 = Release|x64
		{5A26F08D-69D1-45CA-96B3-7FD82C633FEB}.AppStore|x64.Deploy.0 = Release|x64
		{5A26F08D-69D1-45CA-96B3-7FD82C633FEB}.AppStore|x86.ActiveCfg = Release|x86
		{5A26F08D-69D1-45CA-96B3-7FD82C633FEB}.AppStore|x86.Build.0 = Release|x86
		{5A26F08D-69D1-45CA-96B3-7FD82C633FEB}.AppStore|x86.Deploy.0 = Release|x86
		{5A26F08D-69D1-45CA-96B3-7FD82C633FEB}.Debug|Any CPU.ActiveCfg = Debug|x86
		{5A26F08D-69D1-45CA-96B3-7FD82C633FEB}.Debug|ARM.ActiveCfg = Debug|ARM
		{5A26F08D-69D1-45CA-96B3-7FD82C633FEB}.Debug|ARM.Build.0 = Debug|ARM
		{5A26F08D-69D1-45CA-96B3-7FD82C633FEB}.Debug|ARM.Deploy.0 = Debug|ARM
		{5A26F08D-69D1-45CA-96B3-7FD82C633FEB}.Debug|iPhone.ActiveCfg = Debug|x86
		{5A26F08D-69D1-45CA-96B3-7FD82C633FEB}.Debug|iPhoneSimulator.ActiveCfg = Debug|x86
		{5A26F08D-69D1-45CA-96B3-7FD82C633FEB}.Debug|x64.ActiveCfg = Debug|x64
		{5A26F08D-69D1-45CA-96B3-7FD82C633FEB}.Debug|x64.Build.0 = Debug|x64
		{5A26F08D-69D1-45CA-96B3-7FD82C633FEB}.Debug|x64.Deploy.0 = Debug|x64
		{5A26F08D-69D1-45CA-96B3-7FD82C633FEB}.Debug|x86.ActiveCfg = Debug|x86
		{5A26F08D-69D1-45CA-96B3-7FD82C633FEB}.Debug|x86.Build.0 = Debug|x86
		{5A26F08D-69D1-45CA-96B3-7FD82C633FEB}.Debug|x86.Deploy.0 = Debug|x86
		{5A26F08D-69D1-45CA-96B3-7FD82C633FEB}.Release|Any CPU.ActiveCfg = Release|x86
		{5A26F08D-69D1-45CA-96B3-7FD82C633FEB}.Release|ARM.ActiveCfg = Release|ARM
		{5A26F08D-69D1-45CA-96B3-7FD82C633FEB}.Release|ARM.Build.0 = Release|ARM
		{5A26F08D-69D1-45CA-96B3-7FD82C633FEB}.Release|ARM.Deploy.0 = Release|ARM
		{5A26F08D-69D1-45CA-96B3-7FD82C633FEB}.Release|iPhone.ActiveCfg = Release|x86
		{5A26F08D-69D1-45CA-96B3-7FD82C633FEB}.Release|iPhoneSimulator.ActiveCfg = Release|x86
		{5A26F08D-69D1-45CA-96B3-7FD82C633FEB}.Release|x64.ActiveCfg = Release|x64
		{5A26F08D-69D1-45CA-96B3-7FD82C633FEB}.Release|x64.Build.0 = Release|x64
		{5A26F08D-69D1-45CA-96B3-7FD82C633FEB}.Release|x64.Deploy.0 = Release|x64
		{5A26F08D-69D1-45CA-96B3-7FD82C633FEB}.Release|x86.ActiveCfg = Release|x86
		{5A26F08D-69D1-45CA-96B3-7FD82C633FEB}.Release|x86.Build.0 = Release|x86
		{5A26F08D-69D1-45CA-96B3-7FD82C633FEB}.Release|x86.Deploy.0 = Release|x86
		{20E62D24-833C-47D5-AE48-07AEA0D7881D}.Ad-Hoc|Any CPU.ActiveCfg = Ad-Hoc|iPhone
		{20E62D24-833C-47D5-AE48-07AEA0D7881D}.Ad-Hoc|ARM.ActiveCfg = Ad-Hoc|iPhone
		{20E62D24-833C-47D5-AE48-07AEA0D7881D}.Ad-Hoc|iPhone.ActiveCfg = Ad-Hoc|iPhone
		{20E62D24-833C-47D5-AE48-07AEA0D7881D}.Ad-Hoc|iPhone.Build.0 = Ad-Hoc|iPhone
		{20E62D24-833C-47D5-AE48-07AEA0D7881D}.Ad-Hoc|iPhoneSimulator.ActiveCfg = Ad-Hoc|iPhoneSimulator
		{20E62D24-833C-47D5-AE48-07AEA0D7881D}.Ad-Hoc|iPhoneSimulator.Build.0 = Ad-Hoc|iPhoneSimulator
		{20E62D24-833C-47D5-AE48-07AEA0D7881D}.Ad-Hoc|x64.ActiveCfg = Ad-Hoc|iPhone
		{20E62D24-833C-47D5-AE48-07AEA0D7881D}.Ad-Hoc|x86.ActiveCfg = Ad-Hoc|iPhone
		{20E62D24-833C-47D5-AE48-07AEA0D7881D}.AppStore|Any CPU.ActiveCfg = AppStore|iPhone
		{20E62D24-833C-47D5-AE48-07AEA0D7881D}.AppStore|ARM.ActiveCfg = AppStore|iPhone
		{20E62D24-833C-47D5-AE48-07AEA0D7881D}.AppStore|iPhone.ActiveCfg = AppStore|iPhone
		{20E62D24-833C-47D5-AE48-07AEA0D7881D}.AppStore|iPhone.Build.0 = AppStore|iPhone
		{20E62D24-833C-47D5-AE48-07AEA0D7881D}.AppStore|iPhoneSimulator.ActiveCfg = AppStore|iPhoneSimulator
		{20E62D24-833C-47D5-AE48-07AEA0D7881D}.AppStore|iPhoneSimulator.Build.0 = AppStore|iPhoneSimulator
		{20E62D24-833C-47D5-AE48-07AEA0D7881D}.AppStore|x64.ActiveCfg = AppStore|iPhone
		{20E62D24-833C-47D5-AE48-07AEA0D7881D}.AppStore|x86.ActiveCfg = AppStore|iPhone
		{20E62D24-833C-47D5-AE48-07AEA0D7881D}.Debug|Any CPU.ActiveCfg = Debug|iPhone
		{20E62D24-833C-47D5-AE48-07AEA0D7881D}.Debug|ARM.ActiveCfg = Debug|iPhone
		{20E62D24-833C-47D5-AE48-07AEA0D7881D}.Debug|iPhone.ActiveCfg = Debug|iPhone
		{20E62D24-833C-47D5-AE48-07AEA0D7881D}.Debug|iPhone.Build.0 = Debug|iPhone
		{20E62D24-833C-47D5-AE48-07AEA0D7881D}.Debug|iPhoneSimulator.ActiveCfg = Debug|iPhoneSimulator
		{20E62D24-833C-47D5-AE48-07AEA0D7881D}.Debug|iPhoneSimulator.Build.0 = Debug|iPhoneSimulator
		{20E62D24-833C-47D5-AE48-07AEA0D7881D}.Debug|x64.ActiveCfg = Debug|iPhone
		{20E62D24-833C-47D5-AE48-07AEA0D7881D}.Debug|x86.ActiveCfg = Debug|iPhone
		{20E62D24-833C-47D5-AE48-07AEA0D7881D}.Release|Any CPU.ActiveCfg = Release|iPhone
		{20E62D24-833C-47D5-AE48-07AEA0D7881D}.Release|ARM.ActiveCfg = Release|iPhone
		{20E62D24-833C-47D5-AE48-07AEA0D7881D}.Release|iPhone.ActiveCfg = Release|iPhone
		{20E62D24-833C-47D5-AE48-07AEA0D7881D}.Release|iPhone.Build.0 = Release|iPhone
		{20E62D24-833C-47D5-AE48-07AEA0D7881D}.Release|iPhoneSimulator.ActiveCfg = Release|iPhoneSimulator
		{20E62D24-833C-47D5-AE48-07AEA0D7881D}.Release|iPhoneSimulator.Build.0 = Release|iPhoneSimulator
		{20E62D24-833C-47D5-AE48-07AEA0D7881D}.Release|x64.ActiveCfg = Release|iPhone
		{20E62D24-833C-47D5-AE48-07AEA0D7881D}.Release|x86.ActiveCfg = Release|iPhone
	EndGlobalSection
	GlobalSection(SolutionProperties) = preSolution
		HideSolutionNode = FALSE
	EndGlobalSection
EndGlobal
